// !$*UTF8*$!
{
	archiveVersion = 1;
	classes = {
	};
	objectVersion = 46;
	objects = {

/* Begin PBXBuildFile section */
		D37997C81B63DCF1006928AD /* AppDelegate.swift in Sources */ = {isa = PBXBuildFile; fileRef = D37997C71B63DCF1006928AD /* AppDelegate.swift */; };
		D37997CF1B63DCF1006928AD /* Images.xcassets in Resources */ = {isa = PBXBuildFile; fileRef = D37997CE1B63DCF1006928AD /* Images.xcassets */; };
		D37997D21B63DCF1006928AD /* LaunchScreen.xib in Resources */ = {isa = PBXBuildFile; fileRef = D37997D01B63DCF1006928AD /* LaunchScreen.xib */; };
		D37998021B63DF40006928AD /* BaseFormController.swift in Sources */ = {isa = PBXBuildFile; fileRef = D37997E91B63DF40006928AD /* BaseFormController.swift */; };
		D37998031B63DF40006928AD /* BaseNavigationController.swift in Sources */ = {isa = PBXBuildFile; fileRef = D37997EA1B63DF40006928AD /* BaseNavigationController.swift */; };
		D37998051B63DF40006928AD /* UITableViewExtension.swift in Sources */ = {isa = PBXBuildFile; fileRef = D37997ED1B63DF40006928AD /* UITableViewExtension.swift */; };
		D37998061B63DF40006928AD /* BasePageFlow.swift in Sources */ = {isa = PBXBuildFile; fileRef = D37997EF1B63DF40006928AD /* BasePageFlow.swift */; };
		D37998071B63DF40006928AD /* AccessoryViewLoadable.swift in Sources */ = {isa = PBXBuildFile; fileRef = D37997F11B63DF40006928AD /* AccessoryViewLoadable.swift */; };
		D37998081B63DF40006928AD /* CustomAccessoryViewDelegate.swift in Sources */ = {isa = PBXBuildFile; fileRef = D37997F21B63DF40006928AD /* CustomAccessoryViewDelegate.swift */; };
		D37998091B63DF40006928AD /* FormControlDelegate.swift in Sources */ = {isa = PBXBuildFile; fileRef = D37997F31B63DF40006928AD /* FormControlDelegate.swift */; };
		D379980A1B63DF40006928AD /* NibLoadable.swift in Sources */ = {isa = PBXBuildFile; fileRef = D37997F41B63DF40006928AD /* NibLoadable.swift */; };
		D379980B1B63DF40006928AD /* TableCellLoadable.swift in Sources */ = {isa = PBXBuildFile; fileRef = D37997F51B63DF40006928AD /* TableCellLoadable.swift */; };
		D379980C1B63DF40006928AD /* ControlValidator.swift in Sources */ = {isa = PBXBuildFile; fileRef = D37997F71B63DF40006928AD /* ControlValidator.swift */; };
		D379980D1B63DF40006928AD /* FormValidator.swift in Sources */ = {isa = PBXBuildFile; fileRef = D37997F81B63DF40006928AD /* FormValidator.swift */; };
		D379980E1B63DF40006928AD /* Validatable.swift in Sources */ = {isa = PBXBuildFile; fileRef = D37997F91B63DF40006928AD /* Validatable.swift */; };
		D379980F1B63DF40006928AD /* ValidationChecking.swift in Sources */ = {isa = PBXBuildFile; fileRef = D37997FA1B63DF40006928AD /* ValidationChecking.swift */; };
		D37998101B63DF40006928AD /* VTMinimum.swift in Sources */ = {isa = PBXBuildFile; fileRef = D37997FB1B63DF40006928AD /* VTMinimum.swift */; };
		D37998111B63DF40006928AD /* VTNumericString.swift in Sources */ = {isa = PBXBuildFile; fileRef = D37997FC1B63DF40006928AD /* VTNumericString.swift */; };
		D37998121B63DF40006928AD /* VTRequired.swift in Sources */ = {isa = PBXBuildFile; fileRef = D37997FD1B63DF40006928AD /* VTRequired.swift */; };
		D37998131B63DF40006928AD /* BaseFormController.xib in Resources */ = {isa = PBXBuildFile; fileRef = D37997FF1B63DF40006928AD /* BaseFormController.xib */; };
		D37998141B63DF40006928AD /* BaseFormView.swift in Sources */ = {isa = PBXBuildFile; fileRef = D37998001B63DF40006928AD /* BaseFormView.swift */; };
		D37998151B63DF40006928AD /* BaseView.swift in Sources */ = {isa = PBXBuildFile; fileRef = D37998011B63DF40006928AD /* BaseView.swift */; };
		D37998181B63DFA3006928AD /* FormControlList.swift in Sources */ = {isa = PBXBuildFile; fileRef = D37998171B63DFA3006928AD /* FormControlList.swift */; };
		D379981B1B63E096006928AD /* CustomInputAccessoryView.swift in Sources */ = {isa = PBXBuildFile; fileRef = D37998191B63E096006928AD /* CustomInputAccessoryView.swift */; };
		D379981C1B63E096006928AD /* CustomInputAccessoryView.xib in Resources */ = {isa = PBXBuildFile; fileRef = D379981A1B63E096006928AD /* CustomInputAccessoryView.xib */; };
		D379981E1B63E17E006928AD /* ContainerController.swift in Sources */ = {isa = PBXBuildFile; fileRef = D379981D1B63E17E006928AD /* ContainerController.swift */; };
		D37998211B63E192006928AD /* MenuPageFlow.swift in Sources */ = {isa = PBXBuildFile; fileRef = D379981F1B63E192006928AD /* MenuPageFlow.swift */; };
		D37998221B63E192006928AD /* FirstPageFlow.swift in Sources */ = {isa = PBXBuildFile; fileRef = D37998201B63E192006928AD /* FirstPageFlow.swift */; };
		D37998351B63E335006928AD /* ControlValidator.swift in Sources */ = {isa = PBXBuildFile; fileRef = D37997F71B63DF40006928AD /* ControlValidator.swift */; };
		D37998361B63E337006928AD /* FormValidator.swift in Sources */ = {isa = PBXBuildFile; fileRef = D37997F81B63DF40006928AD /* FormValidator.swift */; };
		D37998371B63E33A006928AD /* Validatable.swift in Sources */ = {isa = PBXBuildFile; fileRef = D37997F91B63DF40006928AD /* Validatable.swift */; };
		D37998381B63E33C006928AD /* ValidationChecking.swift in Sources */ = {isa = PBXBuildFile; fileRef = D37997FA1B63DF40006928AD /* ValidationChecking.swift */; };
		D37998391B63E340006928AD /* VTMinimum.swift in Sources */ = {isa = PBXBuildFile; fileRef = D37997FB1B63DF40006928AD /* VTMinimum.swift */; };
		D379983A1B63E343006928AD /* VTNumericString.swift in Sources */ = {isa = PBXBuildFile; fileRef = D37997FC1B63DF40006928AD /* VTNumericString.swift */; };
		D379983B1B63E345006928AD /* VTRequired.swift in Sources */ = {isa = PBXBuildFile; fileRef = D37997FD1B63DF40006928AD /* VTRequired.swift */; };
		D379983C1B63E34A006928AD /* TableCellLoadable.swift in Sources */ = {isa = PBXBuildFile; fileRef = D37997F51B63DF40006928AD /* TableCellLoadable.swift */; };
		D379983D1B63E34C006928AD /* NibLoadable.swift in Sources */ = {isa = PBXBuildFile; fileRef = D37997F41B63DF40006928AD /* NibLoadable.swift */; };
		D379983E1B63E350006928AD /* FormControlDelegate.swift in Sources */ = {isa = PBXBuildFile; fileRef = D37997F31B63DF40006928AD /* FormControlDelegate.swift */; };
		D379983F1B63E354006928AD /* CustomAccessoryViewDelegate.swift in Sources */ = {isa = PBXBuildFile; fileRef = D37997F21B63DF40006928AD /* CustomAccessoryViewDelegate.swift */; };
		D37998401B63E357006928AD /* AccessoryViewLoadable.swift in Sources */ = {isa = PBXBuildFile; fileRef = D37997F11B63DF40006928AD /* AccessoryViewLoadable.swift */; };
		D37998411B63E35D006928AD /* UITableViewExtension.swift in Sources */ = {isa = PBXBuildFile; fileRef = D37997ED1B63DF40006928AD /* UITableViewExtension.swift */; };
		D37998421B63E362006928AD /* BaseFormController.swift in Sources */ = {isa = PBXBuildFile; fileRef = D37997E91B63DF40006928AD /* BaseFormController.swift */; };
		D37998431B63E365006928AD /* FormControlList.swift in Sources */ = {isa = PBXBuildFile; fileRef = D37998171B63DFA3006928AD /* FormControlList.swift */; };
		D37998441B63E37F006928AD /* CustomInputAccessoryView.swift in Sources */ = {isa = PBXBuildFile; fileRef = D37998191B63E096006928AD /* CustomInputAccessoryView.swift */; };
		D37998451B63E382006928AD /* BaseView.swift in Sources */ = {isa = PBXBuildFile; fileRef = D37998011B63DF40006928AD /* BaseView.swift */; };
		D37998461B63E384006928AD /* BaseFormView.swift in Sources */ = {isa = PBXBuildFile; fileRef = D37998001B63DF40006928AD /* BaseFormView.swift */; };
		D379984D1B63EA0F006928AD /* FirstViewController.swift in Sources */ = {isa = PBXBuildFile; fileRef = D379984B1B63EA0F006928AD /* FirstViewController.swift */; };
		D379984E1B63EA0F006928AD /* SecondViewController.swift in Sources */ = {isa = PBXBuildFile; fileRef = D379984C1B63EA0F006928AD /* SecondViewController.swift */; };
		D37998531B63EA27006928AD /* CustomSimpleButtonView.swift in Sources */ = {isa = PBXBuildFile; fileRef = D379984F1B63EA27006928AD /* CustomSimpleButtonView.swift */; };
		D37998541B63EA27006928AD /* CustomSimpleButtonView.xib in Resources */ = {isa = PBXBuildFile; fileRef = D37998501B63EA27006928AD /* CustomSimpleButtonView.xib */; };
		D37998551B63EA27006928AD /* CustomTextBoxControl.xib in Resources */ = {isa = PBXBuildFile; fileRef = D37998511B63EA27006928AD /* CustomTextBoxControl.xib */; };
		D37998561B63EA27006928AD /* CustomTextBoxView.swift in Sources */ = {isa = PBXBuildFile; fileRef = D37998521B63EA27006928AD /* CustomTextBoxView.swift */; };
		D379985A1B63EA82006928AD /* BaseFormControllerTests.swift in Sources */ = {isa = PBXBuildFile; fileRef = D37998571B63EA82006928AD /* BaseFormControllerTests.swift */; };
		D379985B1B63EA82006928AD /* FormControlListTests.swift in Sources */ = {isa = PBXBuildFile; fileRef = D37998581B63EA82006928AD /* FormControlListTests.swift */; };
		D379985C1B63EA82006928AD /* ValidationTests.swift in Sources */ = {isa = PBXBuildFile; fileRef = D37998591B63EA82006928AD /* ValidationTests.swift */; };
		D379985D1B63EA99006928AD /* CustomSimpleButtonView.swift in Sources */ = {isa = PBXBuildFile; fileRef = D379984F1B63EA27006928AD /* CustomSimpleButtonView.swift */; };
		D379985E1B63EA9B006928AD /* CustomTextBoxView.swift in Sources */ = {isa = PBXBuildFile; fileRef = D37998521B63EA27006928AD /* CustomTextBoxView.swift */; };
/* End PBXBuildFile section */

/* Begin PBXContainerItemProxy section */
		D37997D81B63DCF2006928AD /* PBXContainerItemProxy */ = {
			isa = PBXContainerItemProxy;
			containerPortal = D37997BA1B63DCF1006928AD /* Project object */;
			proxyType = 1;
			remoteGlobalIDString = D37997C11B63DCF1006928AD;
			remoteInfo = SampleFormPage;
		};
/* End PBXContainerItemProxy section */

/* Begin PBXFileReference section */
		D37997C21B63DCF1006928AD /* SampleFormPage.app */ = {isa = PBXFileReference; explicitFileType = wrapper.application; includeInIndex = 0; path = SampleFormPage.app; sourceTree = BUILT_PRODUCTS_DIR; };
		D37997C61B63DCF1006928AD /* Info.plist */ = {isa = PBXFileReference; lastKnownFileType = text.plist.xml; path = Info.plist; sourceTree = "<group>"; };
		D37997C71B63DCF1006928AD /* AppDelegate.swift */ = {isa = PBXFileReference; lastKnownFileType = sourcecode.swift; path = AppDelegate.swift; sourceTree = "<group>"; };
		D37997CE1B63DCF1006928AD /* Images.xcassets */ = {isa = PBXFileReference; lastKnownFileType = folder.assetcatalog; path = Images.xcassets; sourceTree = "<group>"; };
		D37997D11B63DCF1006928AD /* Base */ = {isa = PBXFileReference; lastKnownFileType = file.xib; name = Base; path = Base.lproj/LaunchScreen.xib; sourceTree = "<group>"; };
		D37997D71B63DCF2006928AD /* SampleFormPageTests.xctest */ = {isa = PBXFileReference; explicitFileType = wrapper.cfbundle; includeInIndex = 0; path = SampleFormPageTests.xctest; sourceTree = BUILT_PRODUCTS_DIR; };
		D37997DC1B63DCF2006928AD /* Info.plist */ = {isa = PBXFileReference; lastKnownFileType = text.plist.xml; path = Info.plist; sourceTree = "<group>"; };
		D37997E91B63DF40006928AD /* BaseFormController.swift */ = {isa = PBXFileReference; fileEncoding = 4; lastKnownFileType = sourcecode.swift; path = BaseFormController.swift; sourceTree = "<group>"; };
		D37997EA1B63DF40006928AD /* BaseNavigationController.swift */ = {isa = PBXFileReference; fileEncoding = 4; lastKnownFileType = sourcecode.swift; path = BaseNavigationController.swift; sourceTree = "<group>"; };
		D37997ED1B63DF40006928AD /* UITableViewExtension.swift */ = {isa = PBXFileReference; fileEncoding = 4; lastKnownFileType = sourcecode.swift; path = UITableViewExtension.swift; sourceTree = "<group>"; };
		D37997EF1B63DF40006928AD /* BasePageFlow.swift */ = {isa = PBXFileReference; fileEncoding = 4; lastKnownFileType = sourcecode.swift; path = BasePageFlow.swift; sourceTree = "<group>"; };
		D37997F11B63DF40006928AD /* AccessoryViewLoadable.swift */ = {isa = PBXFileReference; fileEncoding = 4; lastKnownFileType = sourcecode.swift; path = AccessoryViewLoadable.swift; sourceTree = "<group>"; };
		D37997F21B63DF40006928AD /* CustomAccessoryViewDelegate.swift */ = {isa = PBXFileReference; fileEncoding = 4; lastKnownFileType = sourcecode.swift; path = CustomAccessoryViewDelegate.swift; sourceTree = "<group>"; };
		D37997F31B63DF40006928AD /* FormControlDelegate.swift */ = {isa = PBXFileReference; fileEncoding = 4; lastKnownFileType = sourcecode.swift; path = FormControlDelegate.swift; sourceTree = "<group>"; };
		D37997F41B63DF40006928AD /* NibLoadable.swift */ = {isa = PBXFileReference; fileEncoding = 4; lastKnownFileType = sourcecode.swift; path = NibLoadable.swift; sourceTree = "<group>"; };
		D37997F51B63DF40006928AD /* TableCellLoadable.swift */ = {isa = PBXFileReference; fileEncoding = 4; lastKnownFileType = sourcecode.swift; path = TableCellLoadable.swift; sourceTree = "<group>"; };
		D37997F71B63DF40006928AD /* ControlValidator.swift */ = {isa = PBXFileReference; fileEncoding = 4; lastKnownFileType = sourcecode.swift; path = ControlValidator.swift; sourceTree = "<group>"; };
		D37997F81B63DF40006928AD /* FormValidator.swift */ = {isa = PBXFileReference; fileEncoding = 4; lastKnownFileType = sourcecode.swift; path = FormValidator.swift; sourceTree = "<group>"; };
		D37997F91B63DF40006928AD /* Validatable.swift */ = {isa = PBXFileReference; fileEncoding = 4; lastKnownFileType = sourcecode.swift; path = Validatable.swift; sourceTree = "<group>"; };
		D37997FA1B63DF40006928AD /* ValidationChecking.swift */ = {isa = PBXFileReference; fileEncoding = 4; lastKnownFileType = sourcecode.swift; path = ValidationChecking.swift; sourceTree = "<group>"; };
		D37997FB1B63DF40006928AD /* VTMinimum.swift */ = {isa = PBXFileReference; fileEncoding = 4; lastKnownFileType = sourcecode.swift; path = VTMinimum.swift; sourceTree = "<group>"; };
		D37997FC1B63DF40006928AD /* VTNumericString.swift */ = {isa = PBXFileReference; fileEncoding = 4; lastKnownFileType = sourcecode.swift; path = VTNumericString.swift; sourceTree = "<group>"; };
		D37997FD1B63DF40006928AD /* VTRequired.swift */ = {isa = PBXFileReference; fileEncoding = 4; lastKnownFileType = sourcecode.swift; path = VTRequired.swift; sourceTree = "<group>"; };
		D37997FF1B63DF40006928AD /* BaseFormController.xib */ = {isa = PBXFileReference; fileEncoding = 4; lastKnownFileType = file.xib; path = BaseFormController.xib; sourceTree = "<group>"; };
		D37998001B63DF40006928AD /* BaseFormView.swift */ = {isa = PBXFileReference; fileEncoding = 4; lastKnownFileType = sourcecode.swift; path = BaseFormView.swift; sourceTree = "<group>"; };
		D37998011B63DF40006928AD /* BaseView.swift */ = {isa = PBXFileReference; fileEncoding = 4; lastKnownFileType = sourcecode.swift; path = BaseView.swift; sourceTree = "<group>"; };
		D37998171B63DFA3006928AD /* FormControlList.swift */ = {isa = PBXFileReference; fileEncoding = 4; lastKnownFileType = sourcecode.swift; path = FormControlList.swift; sourceTree = "<group>"; };
		D37998191B63E096006928AD /* CustomInputAccessoryView.swift */ = {isa = PBXFileReference; fileEncoding = 4; lastKnownFileType = sourcecode.swift; path = CustomInputAccessoryView.swift; sourceTree = "<group>"; };
		D379981A1B63E096006928AD /* CustomInputAccessoryView.xib */ = {isa = PBXFileReference; fileEncoding = 4; lastKnownFileType = file.xib; path = CustomInputAccessoryView.xib; sourceTree = "<group>"; };
		D379981D1B63E17E006928AD /* ContainerController.swift */ = {isa = PBXFileReference; fileEncoding = 4; lastKnownFileType = sourcecode.swift; path = ContainerController.swift; sourceTree = "<group>"; };
		D379981F1B63E192006928AD /* MenuPageFlow.swift */ = {isa = PBXFileReference; fileEncoding = 4; lastKnownFileType = sourcecode.swift; path = MenuPageFlow.swift; sourceTree = "<group>"; };
		D37998201B63E192006928AD /* FirstPageFlow.swift */ = {isa = PBXFileReference; fileEncoding = 4; lastKnownFileType = sourcecode.swift; path = FirstPageFlow.swift; sourceTree = "<group>"; };
		D379984B1B63EA0F006928AD /* FirstViewController.swift */ = {isa = PBXFileReference; fileEncoding = 4; lastKnownFileType = sourcecode.swift; path = FirstViewController.swift; sourceTree = "<group>"; };
		D379984C1B63EA0F006928AD /* SecondViewController.swift */ = {isa = PBXFileReference; fileEncoding = 4; lastKnownFileType = sourcecode.swift; path = SecondViewController.swift; sourceTree = "<group>"; };
		D379984F1B63EA27006928AD /* CustomSimpleButtonView.swift */ = {isa = PBXFileReference; fileEncoding = 4; lastKnownFileType = sourcecode.swift; path = CustomSimpleButtonView.swift; sourceTree = "<group>"; };
		D37998501B63EA27006928AD /* CustomSimpleButtonView.xib */ = {isa = PBXFileReference; fileEncoding = 4; lastKnownFileType = file.xib; path = CustomSimpleButtonView.xib; sourceTree = "<group>"; };
		D37998511B63EA27006928AD /* CustomTextBoxControl.xib */ = {isa = PBXFileReference; fileEncoding = 4; lastKnownFileType = file.xib; path = CustomTextBoxControl.xib; sourceTree = "<group>"; };
		D37998521B63EA27006928AD /* CustomTextBoxView.swift */ = {isa = PBXFileReference; fileEncoding = 4; lastKnownFileType = sourcecode.swift; path = CustomTextBoxView.swift; sourceTree = "<group>"; };
		D37998571B63EA82006928AD /* BaseFormControllerTests.swift */ = {isa = PBXFileReference; fileEncoding = 4; lastKnownFileType = sourcecode.swift; path = BaseFormControllerTests.swift; sourceTree = "<group>"; };
		D37998581B63EA82006928AD /* FormControlListTests.swift */ = {isa = PBXFileReference; fileEncoding = 4; lastKnownFileType = sourcecode.swift; path = FormControlListTests.swift; sourceTree = "<group>"; };
		D37998591B63EA82006928AD /* ValidationTests.swift */ = {isa = PBXFileReference; fileEncoding = 4; lastKnownFileType = sourcecode.swift; path = ValidationTests.swift; sourceTree = "<group>"; };
/* End PBXFileReference section */

/* Begin PBXFrameworksBuildPhase section */
		D37997BF1B63DCF1006928AD /* Frameworks */ = {
			isa = PBXFrameworksBuildPhase;
			buildActionMask = 2147483647;
			files = (
			);
			runOnlyForDeploymentPostprocessing = 0;
		};
		D37997D41B63DCF2006928AD /* Frameworks */ = {
			isa = PBXFrameworksBuildPhase;
			buildActionMask = 2147483647;
			files = (
			);
			runOnlyForDeploymentPostprocessing = 0;
		};
/* End PBXFrameworksBuildPhase section */

/* Begin PBXGroup section */
		D37997B91B63DCF1006928AD = {
			isa = PBXGroup;
			children = (
				D37997C41B63DCF1006928AD /* SampleFormPage */,
				D37997DA1B63DCF2006928AD /* SampleFormPageTests */,
				D37997C31B63DCF1006928AD /* Products */,
			);
			sourceTree = "<group>";
		};
		D37997C31B63DCF1006928AD /* Products */ = {
			isa = PBXGroup;
			children = (
				D37997C21B63DCF1006928AD /* SampleFormPage.app */,
				D37997D71B63DCF2006928AD /* SampleFormPageTests.xctest */,
			);
			name = Products;
			sourceTree = "<group>";
		};
		D37997C41B63DCF1006928AD /* SampleFormPage */ = {
			isa = PBXGroup;
			children = (
				D379984A1B63E3DE006928AD /* PageFlows */,
				D37998491B63E3CE006928AD /* Controllers */,
				D37998481B63E3BA006928AD /* Views */,
				D37997E71B63DF40006928AD /* AUForms */,
				D37997C71B63DCF1006928AD /* AppDelegate.swift */,
				D37997CE1B63DCF1006928AD /* Images.xcassets */,
				D37997D01B63DCF1006928AD /* LaunchScreen.xib */,
				D37997C51B63DCF1006928AD /* Supporting Files */,
			);
			path = SampleFormPage;
			sourceTree = "<group>";
		};
		D37997C51B63DCF1006928AD /* Supporting Files */ = {
			isa = PBXGroup;
			children = (
				D37997C61B63DCF1006928AD /* Info.plist */,
			);
			name = "Supporting Files";
			sourceTree = "<group>";
		};
		D37997DA1B63DCF2006928AD /* SampleFormPageTests */ = {
			isa = PBXGroup;
			children = (
				D37998571B63EA82006928AD /* BaseFormControllerTests.swift */,
				D37998581B63EA82006928AD /* FormControlListTests.swift */,
				D37998591B63EA82006928AD /* ValidationTests.swift */,
				D37997DB1B63DCF2006928AD /* Supporting Files */,
			);
			path = SampleFormPageTests;
			sourceTree = "<group>";
		};
		D37997DB1B63DCF2006928AD /* Supporting Files */ = {
			isa = PBXGroup;
			children = (
				D37997DC1B63DCF2006928AD /* Info.plist */,
			);
			name = "Supporting Files";
			sourceTree = "<group>";
		};
		D37997E71B63DF40006928AD /* AUForms */ = {
			isa = PBXGroup;
			children = (
				D37998161B63DFA3006928AD /* Models */,
				D37997E81B63DF40006928AD /* Controller */,
				D37997EC1B63DF40006928AD /* Extensions */,
				D37997EE1B63DF40006928AD /* PageFlows */,
				D37997F01B63DF40006928AD /* Protocols */,
				D37997F61B63DF40006928AD /* Validations */,
				D37997FE1B63DF40006928AD /* Views */,
			);
			path = AUForms;
			sourceTree = "<group>";
		};
		D37997E81B63DF40006928AD /* Controller */ = {
			isa = PBXGroup;
			children = (
				D37997E91B63DF40006928AD /* BaseFormController.swift */,
				D37997EA1B63DF40006928AD /* BaseNavigationController.swift */,
			);
			path = Controller;
			sourceTree = "<group>";
		};
		D37997EC1B63DF40006928AD /* Extensions */ = {
			isa = PBXGroup;
			children = (
				D37997ED1B63DF40006928AD /* UITableViewExtension.swift */,
			);
			path = Extensions;
			sourceTree = "<group>";
		};
		D37997EE1B63DF40006928AD /* PageFlows */ = {
			isa = PBXGroup;
			children = (
				D37997EF1B63DF40006928AD /* BasePageFlow.swift */,
			);
			path = PageFlows;
			sourceTree = "<group>";
		};
		D37997F01B63DF40006928AD /* Protocols */ = {
			isa = PBXGroup;
			children = (
				D37997F11B63DF40006928AD /* AccessoryViewLoadable.swift */,
				D37997F21B63DF40006928AD /* CustomAccessoryViewDelegate.swift */,
				D37997F31B63DF40006928AD /* FormControlDelegate.swift */,
				D37997F41B63DF40006928AD /* NibLoadable.swift */,
				D37997F51B63DF40006928AD /* TableCellLoadable.swift */,
			);
			path = Protocols;
			sourceTree = "<group>";
		};
		D37997F61B63DF40006928AD /* Validations */ = {
			isa = PBXGroup;
			children = (
				D37997F71B63DF40006928AD /* ControlValidator.swift */,
				D37997F81B63DF40006928AD /* FormValidator.swift */,
				D37997F91B63DF40006928AD /* Validatable.swift */,
				D37997FA1B63DF40006928AD /* ValidationChecking.swift */,
				D37997FB1B63DF40006928AD /* VTMinimum.swift */,
				D37997FC1B63DF40006928AD /* VTNumericString.swift */,
				D37997FD1B63DF40006928AD /* VTRequired.swift */,
			);
			path = Validations;
			sourceTree = "<group>";
		};
		D37997FE1B63DF40006928AD /* Views */ = {
			isa = PBXGroup;
			children = (
				D37997FF1B63DF40006928AD /* BaseFormController.xib */,
				D37998001B63DF40006928AD /* BaseFormView.swift */,
				D37998011B63DF40006928AD /* BaseView.swift */,
				D37998191B63E096006928AD /* CustomInputAccessoryView.swift */,
				D379981A1B63E096006928AD /* CustomInputAccessoryView.xib */,
			);
			path = Views;
			sourceTree = "<group>";
		};
		D37998161B63DFA3006928AD /* Models */ = {
			isa = PBXGroup;
			children = (
				D37998171B63DFA3006928AD /* FormControlList.swift */,
			);
			path = Models;
			sourceTree = "<group>";
		};
		D37998481B63E3BA006928AD /* Views */ = {
			isa = PBXGroup;
			children = (
				D379984F1B63EA27006928AD /* CustomSimpleButtonView.swift */,
				D37998501B63EA27006928AD /* CustomSimpleButtonView.xib */,
				D37998511B63EA27006928AD /* CustomTextBoxControl.xib */,
				D37998521B63EA27006928AD /* CustomTextBoxView.swift */,
			);
			name = Views;
			sourceTree = "<group>";
		};
		D37998491B63E3CE006928AD /* Controllers */ = {
			isa = PBXGroup;
			children = (
				D379981D1B63E17E006928AD /* ContainerController.swift */,
				D379984B1B63EA0F006928AD /* FirstViewController.swift */,
				D379984C1B63EA0F006928AD /* SecondViewController.swift */,
			);
			name = Controllers;
			sourceTree = "<group>";
		};
		D379984A1B63E3DE006928AD /* PageFlows */ = {
			isa = PBXGroup;
			children = (
				D379981F1B63E192006928AD /* MenuPageFlow.swift */,
				D37998201B63E192006928AD /* FirstPageFlow.swift */,
			);
			name = PageFlows;
			sourceTree = "<group>";
		};
/* End PBXGroup section */

/* Begin PBXNativeTarget section */
		D37997C11B63DCF1006928AD /* SampleFormPage */ = {
			isa = PBXNativeTarget;
			buildConfigurationList = D37997E11B63DCF2006928AD /* Build configuration list for PBXNativeTarget "SampleFormPage" */;
			buildPhases = (
				D37997BE1B63DCF1006928AD /* Sources */,
				D37997BF1B63DCF1006928AD /* Frameworks */,
				D37997C01B63DCF1006928AD /* Resources */,
			);
			buildRules = (
			);
			dependencies = (
			);
			name = SampleFormPage;
			productName = SampleFormPage;
			productReference = D37997C21B63DCF1006928AD /* SampleFormPage.app */;
			productType = "com.apple.product-type.application";
		};
		D37997D61B63DCF2006928AD /* SampleFormPageTests */ = {
			isa = PBXNativeTarget;
			buildConfigurationList = D37997E41B63DCF2006928AD /* Build configuration list for PBXNativeTarget "SampleFormPageTests" */;
			buildPhases = (
				D37997D31B63DCF2006928AD /* Sources */,
				D37997D41B63DCF2006928AD /* Frameworks */,
				D37997D51B63DCF2006928AD /* Resources */,
			);
			buildRules = (
			);
			dependencies = (
				D37997D91B63DCF2006928AD /* PBXTargetDependency */,
			);
			name = SampleFormPageTests;
			productName = SampleFormPageTests;
			productReference = D37997D71B63DCF2006928AD /* SampleFormPageTests.xctest */;
			productType = "com.apple.product-type.bundle.unit-test";
		};
/* End PBXNativeTarget section */

/* Begin PBXProject section */
		D37997BA1B63DCF1006928AD /* Project object */ = {
			isa = PBXProject;
			attributes = {
				LastUpgradeCheck = 0630;
				ORGANIZATIONNAME = anil;
				TargetAttributes = {
					D37997C11B63DCF1006928AD = {
						CreatedOnToolsVersion = 6.3.2;
					};
					D37997D61B63DCF2006928AD = {
						CreatedOnToolsVersion = 6.3.2;
						TestTargetID = D37997C11B63DCF1006928AD;
					};
				};
			};
			buildConfigurationList = D37997BD1B63DCF1006928AD /* Build configuration list for PBXProject "SampleFormPage" */;
			compatibilityVersion = "Xcode 3.2";
			developmentRegion = English;
			hasScannedForEncodings = 0;
			knownRegions = (
				en,
				Base,
			);
			mainGroup = D37997B91B63DCF1006928AD;
			productRefGroup = D37997C31B63DCF1006928AD /* Products */;
			projectDirPath = "";
			projectRoot = "";
			targets = (
				D37997C11B63DCF1006928AD /* SampleFormPage */,
				D37997D61B63DCF2006928AD /* SampleFormPageTests */,
			);
		};
/* End PBXProject section */

/* Begin PBXResourcesBuildPhase section */
		D37997C01B63DCF1006928AD /* Resources */ = {
			isa = PBXResourcesBuildPhase;
			buildActionMask = 2147483647;
			files = (
				D37998131B63DF40006928AD /* BaseFormController.xib in Resources */,
				D37998541B63EA27006928AD /* CustomSimpleButtonView.xib in Resources */,
				D37997D21B63DCF1006928AD /* LaunchScreen.xib in Resources */,
				D37997CF1B63DCF1006928AD /* Images.xcassets in Resources */,
				D379981C1B63E096006928AD /* CustomInputAccessoryView.xib in Resources */,
				D37998551B63EA27006928AD /* CustomTextBoxControl.xib in Resources */,
			);
			runOnlyForDeploymentPostprocessing = 0;
		};
		D37997D51B63DCF2006928AD /* Resources */ = {
			isa = PBXResourcesBuildPhase;
			buildActionMask = 2147483647;
			files = (
			);
			runOnlyForDeploymentPostprocessing = 0;
		};
/* End PBXResourcesBuildPhase section */

/* Begin PBXSourcesBuildPhase section */
		D37997BE1B63DCF1006928AD /* Sources */ = {
			isa = PBXSourcesBuildPhase;
			buildActionMask = 2147483647;
			files = (
				D37998101B63DF40006928AD /* VTMinimum.swift in Sources */,
				D37998141B63DF40006928AD /* BaseFormView.swift in Sources */,
				D37998021B63DF40006928AD /* BaseFormController.swift in Sources */,
				D379981B1B63E096006928AD /* CustomInputAccessoryView.swift in Sources */,
				D37998061B63DF40006928AD /* BasePageFlow.swift in Sources */,
				D37998111B63DF40006928AD /* VTNumericString.swift in Sources */,
				D37998071B63DF40006928AD /* AccessoryViewLoadable.swift in Sources */,
				D379980A1B63DF40006928AD /* NibLoadable.swift in Sources */,
				D37998151B63DF40006928AD /* BaseView.swift in Sources */,
				D379984D1B63EA0F006928AD /* FirstViewController.swift in Sources */,
				D379981E1B63E17E006928AD /* ContainerController.swift in Sources */,
				D379980C1B63DF40006928AD /* ControlValidator.swift in Sources */,
				D37998221B63E192006928AD /* FirstPageFlow.swift in Sources */,
				D379980D1B63DF40006928AD /* FormValidator.swift in Sources */,
				D37998211B63E192006928AD /* MenuPageFlow.swift in Sources */,
				D379980F1B63DF40006928AD /* ValidationChecking.swift in Sources */,
				D37998531B63EA27006928AD /* CustomSimpleButtonView.swift in Sources */,
				D37998091B63DF40006928AD /* FormControlDelegate.swift in Sources */,
				D379984E1B63EA0F006928AD /* SecondViewController.swift in Sources */,
				D379980B1B63DF40006928AD /* TableCellLoadable.swift in Sources */,
				D37998081B63DF40006928AD /* CustomAccessoryViewDelegate.swift in Sources */,
				D37998181B63DFA3006928AD /* FormControlList.swift in Sources */,
				D37998051B63DF40006928AD /* UITableViewExtension.swift in Sources */,
				D37997C81B63DCF1006928AD /* AppDelegate.swift in Sources */,
				D37998121B63DF40006928AD /* VTRequired.swift in Sources */,
				D37998031B63DF40006928AD /* BaseNavigationController.swift in Sources */,
				D37998561B63EA27006928AD /* CustomTextBoxView.swift in Sources */,
				D379980E1B63DF40006928AD /* Validatable.swift in Sources */,
			);
			runOnlyForDeploymentPostprocessing = 0;
		};
		D37997D31B63DCF2006928AD /* Sources */ = {
			isa = PBXSourcesBuildPhase;
			buildActionMask = 2147483647;
			files = (
				D37998391B63E340006928AD /* VTMinimum.swift in Sources */,
				D379985B1B63EA82006928AD /* FormControlListTests.swift in Sources */,
				D37998361B63E337006928AD /* FormValidator.swift in Sources */,
				D379983B1B63E345006928AD /* VTRequired.swift in Sources */,
				D37998411B63E35D006928AD /* UITableViewExtension.swift in Sources */,
				D379983F1B63E354006928AD /* CustomAccessoryViewDelegate.swift in Sources */,
				D379983E1B63E350006928AD /* FormControlDelegate.swift in Sources */,
				D37998401B63E357006928AD /* AccessoryViewLoadable.swift in Sources */,
				D37998451B63E382006928AD /* BaseView.swift in Sources */,
				D37998371B63E33A006928AD /* Validatable.swift in Sources */,
				D379985C1B63EA82006928AD /* ValidationTests.swift in Sources */,
				D37998351B63E335006928AD /* ControlValidator.swift in Sources */,
				D379985A1B63EA82006928AD /* BaseFormControllerTests.swift in Sources */,
				D379983C1B63E34A006928AD /* TableCellLoadable.swift in Sources */,
				D37998381B63E33C006928AD /* ValidationChecking.swift in Sources */,
				D37998441B63E37F006928AD /* CustomInputAccessoryView.swift in Sources */,
				D37998421B63E362006928AD /* BaseFormController.swift in Sources */,
				D379983D1B63E34C006928AD /* NibLoadable.swift in Sources */,
				D37998461B63E384006928AD /* BaseFormView.swift in Sources */,
				D379985E1B63EA9B006928AD /* CustomTextBoxView.swift in Sources */,
				D379985D1B63EA99006928AD /* CustomSimpleButtonView.swift in Sources */,
				D379983A1B63E343006928AD /* VTNumericString.swift in Sources */,
				D37998431B63E365006928AD /* FormControlList.swift in Sources */,
			);
			runOnlyForDeploymentPostprocessing = 0;
		};
/* End PBXSourcesBuildPhase section */

/* Begin PBXTargetDependency section */
		D37997D91B63DCF2006928AD /* PBXTargetDependency */ = {
			isa = PBXTargetDependency;
			target = D37997C11B63DCF1006928AD /* SampleFormPage */;
			targetProxy = D37997D81B63DCF2006928AD /* PBXContainerItemProxy */;
		};
/* End PBXTargetDependency section */

/* Begin PBXVariantGroup section */
		D37997D01B63DCF1006928AD /* LaunchScreen.xib */ = {
			isa = PBXVariantGroup;
			children = (
				D37997D11B63DCF1006928AD /* Base */,
			);
			name = LaunchScreen.xib;
			sourceTree = "<group>";
		};
/* End PBXVariantGroup section */

/* Begin XCBuildConfiguration section */
		D37997DF1B63DCF2006928AD /* Debug */ = {
			isa = XCBuildConfiguration;
			buildSettings = {
				ALWAYS_SEARCH_USER_PATHS = NO;
				CLANG_CXX_LANGUAGE_STANDARD = "gnu++0x";
				CLANG_CXX_LIBRARY = "libc++";
				CLANG_ENABLE_MODULES = YES;
				CLANG_ENABLE_OBJC_ARC = YES;
				CLANG_WARN_BOOL_CONVERSION = YES;
				CLANG_WARN_CONSTANT_CONVERSION = YES;
				CLANG_WARN_DIRECT_OBJC_ISA_USAGE = YES_ERROR;
				CLANG_WARN_EMPTY_BODY = YES;
				CLANG_WARN_ENUM_CONVERSION = YES;
				CLANG_WARN_INT_CONVERSION = YES;
				CLANG_WARN_OBJC_ROOT_CLASS = YES_ERROR;
				CLANG_WARN_UNREACHABLE_CODE = YES;
				CLANG_WARN__DUPLICATE_METHOD_MATCH = YES;
				"CODE_SIGN_IDENTITY[sdk=iphoneos*]" = "iPhone Developer";
				COPY_PHASE_STRIP = NO;
				DEBUG_INFORMATION_FORMAT = "dwarf-with-dsym";
				ENABLE_STRICT_OBJC_MSGSEND = YES;
				GCC_C_LANGUAGE_STANDARD = gnu99;
				GCC_DYNAMIC_NO_PIC = NO;
				GCC_NO_COMMON_BLOCKS = YES;
				GCC_OPTIMIZATION_LEVEL = 0;
				GCC_PREPROCESSOR_DEFINITIONS = (
					"DEBUG=1",
					"$(inherited)",
				);
				GCC_SYMBOLS_PRIVATE_EXTERN = NO;
				GCC_WARN_64_TO_32_BIT_CONVERSION = YES;
				GCC_WARN_ABOUT_RETURN_TYPE = YES_ERROR;
				GCC_WARN_UNDECLARED_SELECTOR = YES;
				GCC_WARN_UNINITIALIZED_AUTOS = YES_AGGRESSIVE;
				GCC_WARN_UNUSED_FUNCTION = YES;
				GCC_WARN_UNUSED_VARIABLE = YES;
				IPHONEOS_DEPLOYMENT_TARGET = 8.3;
				MTL_ENABLE_DEBUG_INFO = YES;
				ONLY_ACTIVE_ARCH = YES;
				SDKROOT = iphoneos;
				SWIFT_OPTIMIZATION_LEVEL = "-Onone";
				TARGETED_DEVICE_FAMILY = "1,2";
			};
			name = Debug;
		};
		D37997E01B63DCF2006928AD /* Release */ = {
			isa = XCBuildConfiguration;
			buildSettings = {
				ALWAYS_SEARCH_USER_PATHS = NO;
				CLANG_CXX_LANGUAGE_STANDARD = "gnu++0x";
				CLANG_CXX_LIBRARY = "libc++";
				CLANG_ENABLE_MODULES = YES;
				CLANG_ENABLE_OBJC_ARC = YES;
				CLANG_WARN_BOOL_CONVERSION = YES;
				CLANG_WARN_CONSTANT_CONVERSION = YES;
				CLANG_WARN_DIRECT_OBJC_ISA_USAGE = YES_ERROR;
				CLANG_WARN_EMPTY_BODY = YES;
				CLANG_WARN_ENUM_CONVERSION = YES;
				CLANG_WARN_INT_CONVERSION = YES;
				CLANG_WARN_OBJC_ROOT_CLASS = YES_ERROR;
				CLANG_WARN_UNREACHABLE_CODE = YES;
				CLANG_WARN__DUPLICATE_METHOD_MATCH = YES;
				"CODE_SIGN_IDENTITY[sdk=iphoneos*]" = "iPhone Developer";
				COPY_PHASE_STRIP = NO;
				DEBUG_INFORMATION_FORMAT = "dwarf-with-dsym";
				ENABLE_NS_ASSERTIONS = NO;
				ENABLE_STRICT_OBJC_MSGSEND = YES;
				GCC_C_LANGUAGE_STANDARD = gnu99;
				GCC_NO_COMMON_BLOCKS = YES;
				GCC_WARN_64_TO_32_BIT_CONVERSION = YES;
				GCC_WARN_ABOUT_RETURN_TYPE = YES_ERROR;
				GCC_WARN_UNDECLARED_SELECTOR = YES;
				GCC_WARN_UNINITIALIZED_AUTOS = YES_AGGRESSIVE;
				GCC_WARN_UNUSED_FUNCTION = YES;
				GCC_WARN_UNUSED_VARIABLE = YES;
				IPHONEOS_DEPLOYMENT_TARGET = 8.3;
				MTL_ENABLE_DEBUG_INFO = NO;
				SDKROOT = iphoneos;
				TARGETED_DEVICE_FAMILY = "1,2";
				VALIDATE_PRODUCT = YES;
			};
			name = Release;
		};
		D37997E21B63DCF2006928AD /* Debug */ = {
			isa = XCBuildConfiguration;
			buildSettings = {
				ASSETCATALOG_COMPILER_APPICON_NAME = AppIcon;
				INFOPLIST_FILE = SampleFormPage/Info.plist;
				LD_RUNPATH_SEARCH_PATHS = "$(inherited) @executable_path/Frameworks";
				PRODUCT_NAME = "$(TARGET_NAME)";
			};
			name = Debug;
		};
		D37997E31B63DCF2006928AD /* Release */ = {
			isa = XCBuildConfiguration;
			buildSettings = {
				ASSETCATALOG_COMPILER_APPICON_NAME = AppIcon;
				INFOPLIST_FILE = SampleFormPage/Info.plist;
				LD_RUNPATH_SEARCH_PATHS = "$(inherited) @executable_path/Frameworks";
				PRODUCT_NAME = "$(TARGET_NAME)";
			};
			name = Release;
		};
		D37997E51B63DCF2006928AD /* Debug */ = {
			isa = XCBuildConfiguration;
			buildSettings = {
				BUNDLE_LOADER = "$(TEST_HOST)";
				FRAMEWORK_SEARCH_PATHS = (
					"$(SDKROOT)/Developer/Library/Frameworks",
					"$(inherited)",
				);
				GCC_PREPROCESSOR_DEFINITIONS = (
					"DEBUG=1",
					"$(inherited)",
				);
				INFOPLIST_FILE = SampleFormPageTests/Info.plist;
				LD_RUNPATH_SEARCH_PATHS = "$(inherited) @executable_path/Frameworks @loader_path/Frameworks";
				PRODUCT_NAME = "$(TARGET_NAME)";
				TEST_HOST = "$(BUILT_PRODUCTS_DIR)/SampleFormPage.app/SampleFormPage";
			};
			name = Debug;
		};
		D37997E61B63DCF2006928AD /* Release */ = {
			isa = XCBuildConfiguration;
			buildSettings = {
				BUNDLE_LOADER = "$(TEST_HOST)";
				FRAMEWORK_SEARCH_PATHS = (
					"$(SDKROOT)/Developer/Library/Frameworks",
					"$(inherited)",
				);
				INFOPLIST_FILE = SampleFormPageTests/Info.plist;
				LD_RUNPATH_SEARCH_PATHS = "$(inherited) @executable_path/Frameworks @loader_path/Frameworks";
				PRODUCT_NAME = "$(TARGET_NAME)";
				TEST_HOST = "$(BUILT_PRODUCTS_DIR)/SampleFormPage.app/SampleFormPage";
			};
			name = Release;
		};
/* End XCBuildConfiguration section */

/* Begin XCConfigurationList section */
		D37997BD1B63DCF1006928AD /* Build configuration list for PBXProject "SampleFormPage" */ = {
			isa = XCConfigurationList;
			buildConfigurations = (
				D37997DF1B63DCF2006928AD /* Debug */,
				D37997E01B63DCF2006928AD /* Release */,
			);
			defaultConfigurationIsVisible = 0;
			defaultConfigurationName = Release;
		};
		D37997E11B63DCF2006928AD /* Build configuration list for PBXNativeTarget "SampleFormPage" */ = {
			isa = XCConfigurationList;
			buildConfigurations = (
				D37997E21B63DCF2006928AD /* Debug */,
				D37997E31B63DCF2006928AD /* Release */,
			);
			defaultConfigurationIsVisible = 0;
			defaultConfigurationName = Release;
		};
		D37997E41B63DCF2006928AD /* Build configuration list for PBXNativeTarget "SampleFormPageTests" */ = {
			isa = XCConfigurationList;
			buildConfigurations = (
				D37997E51B63DCF2006928AD /* Debug */,
				D37997E61B63DCF2006928AD /* Release */,
			);
			defaultConfigurationIsVisible = 0;
			defaultConfigurationName = Release;
		};
/* End XCConfigurationList section */
	};
	rootObject = D37997BA1B63DCF1006928AD /* Project object */;
}
